
Microsoft Visual Studio Solution File, Format Version 12.00
# Visual Studio Version 17
VisualStudioVersion = 17.5.33414.496
MinimumVisualStudioVersion = 10.0.40219.1
Project("{FAE04EC0-301F-11D3-BF4B-00C04F79EFBC}") = "Kq1Pathing", "Kq1Pathing\Kq1Pathing.csproj", "{BA73489E-EAD7-4951-BE98-21F1ED35AFCF}"
EndProject
Global
	GlobalSection(SolutionConfigurationPlatforms) = preSolution
		Debug|Any CPU = Debug|Any CPU
		Release|Any CPU = Release|Any CPU
	EndGlobalSection
	GlobalSection(ProjectConfigurationPlatforms) = postSolution
		{BA73489E-EAD7-4951-BE98-21F1ED35AFCF}.Debug|Any CPU.ActiveCfg = Debug|Any CPU
		{BA73489E-EAD7-4951-BE98-21F1ED35AFCF}.Debug|Any CPU.Build.0 = Debug|Any CPU
		{BA73489E-EAD7-4951-BE98-21F1ED35AFCF}.Release|Any CPU.ActiveCfg = Release|Any CPU
		{BA73489E-EAD7-4951-BE98-21F1ED35AFCF}.Release|Any CPU.Build.0 = Release|Any CPU
	EndGlobalSection
	GlobalSection(SolutionProperties) = preSolution
		HideSolutionNode = FALSE
	EndGlobalSection
	GlobalSection(ExtensibilityGlobals) = postSolution
		SolutionGuid = {D2D18CAF-2C86-4FCE-A014-D2518D74C713}
	EndGlobalSection
EndGlobal
