
Microsoft Visual Studio Solution File, Format Version 12.00
# Visual Studio Version 17
VisualStudioVersion = 17.5.33414.496
MinimumVisualStudioVersion = 10.0.40219.1
Project("{9A19103F-16F7-4668-BE54-9A1E7A4F7556}") = "Kq1Pathing", "Kq1Pathing\Kq1Pathing.csproj", "{BA73489E-EAD7-4951-BE98-21F1ED35AFCF}"
EndProject
Project("{FAE04EC0-301F-11D3-BF4B-00C04F79EFBC}") = "Kq1Pathing.Tests", "Kq1Pathing.Tests\Kq1Pathing.Tests.csproj", "{7C9B475D-F391-4D7B-86AE-AA2C2BBE374E}"
EndProject
Global
	GlobalSection(SolutionConfigurationPlatforms) = preSolution
		Debug|Any CPU = Debug|Any CPU
		Release|Any CPU = Release|Any CPU
	EndGlobalSection
	GlobalSection(ProjectConfigurationPlatforms) = postSolution
		{BA73489E-EAD7-4951-BE98-21F1ED35AFCF}.Debug|Any CPU.ActiveCfg = Debug|Any CPU
		{BA73489E-EAD7-4951-BE98-21F1ED35AFCF}.Debug|Any CPU.Build.0 = Debug|Any CPU
		{BA73489E-EAD7-4951-BE98-21F1ED35AFCF}.Release|Any CPU.ActiveCfg = Release|Any CPU
		{BA73489E-EAD7-4951-BE98-21F1ED35AFCF}.Release|Any CPU.Build.0 = Release|Any CPU
		{7C9B475D-F391-4D7B-86AE-AA2C2BBE374E}.Debug|Any CPU.ActiveCfg = Debug|Any CPU
		{7C9B475D-F391-4D7B-86AE-AA2C2BBE374E}.Debug|Any CPU.Build.0 = Debug|Any CPU
		{7C9B475D-F391-4D7B-86AE-AA2C2BBE374E}.Release|Any CPU.ActiveCfg = Release|Any CPU
		{7C9B475D-F391-4D7B-86AE-AA2C2BBE374E}.Release|Any CPU.Build.0 = Release|Any CPU
	EndGlobalSection
	GlobalSection(SolutionProperties) = preSolution
		HideSolutionNode = FALSE
	EndGlobalSection
	GlobalSection(ExtensibilityGlobals) = postSolution
		SolutionGuid = {D2D18CAF-2C86-4FCE-A014-D2518D74C713}
	EndGlobalSection
EndGlobal
